
Microsoft Visual Studio Solution File, Format Version 12.00
# Visual Studio Express 2012 for Windows Desktop
Project("{FAE04EC0-301F-11D3-BF4B-00C04F79EFBC}") = "Pocket_detector_interface", "Pocket_detector_interface\Pocket_detector_interface.csproj", "{5A87BFE9-1541-4D86-BCBC-4A184A23C302}"
EndProject
Global
	GlobalSection(SolutionConfigurationPlatforms) = preSolution
		Debug|Any CPU = Debug|Any CPU
		Release|Any CPU = Release|Any CPU
	EndGlobalSection
	GlobalSection(ProjectConfigurationPlatforms) = postSolution
		{5A87BFE9-1541-4D86-BCBC-4A184A23C302}.Debug|Any CPU.ActiveCfg = Debug|Any CPU
		{5A87BFE9-1541-4D86-BCBC-4A184A23C302}.Debug|Any CPU.Build.0 = Debug|Any CPU
		{5A87BFE9-1541-4D86-BCBC-4A184A23C302}.Release|Any CPU.ActiveCfg = Release|Any CPU
		{5A87BFE9-1541-4D86-BCBC-4A184A23C302}.Release|Any CPU.Build.0 = Release|Any CPU
	EndGlobalSection
	GlobalSection(SolutionProperties) = preSolution
		HideSolutionNode = FALSE
	EndGlobalSection
EndGlobal
